
Microsoft Visual Studio Solution File, Format Version 12.00
# Visual Studio Version 17
VisualStudioVersion = 17.11.35222.181
MinimumVisualStudioVersion = 10.0.40219.1
Project("{9A19103F-16F7-4668-BE54-9A1E7A4F7556}") = "DatabaseUpdateValidator", "DatabaseUpdateValidator\DatabaseUpdateValidator.csproj", "{3C82C5AE-064E-48B6-A213-46643F92F99E}"
EndProject
Global
	GlobalSection(SolutionConfigurationPlatforms) = preSolution
		Debug|Any CPU = Debug|Any CPU
		Release|Any CPU = Release|Any CPU
	EndGlobalSection
	GlobalSection(ProjectConfigurationPlatforms) = postSolution
		{3C82C5AE-064E-48B6-A213-46643F92F99E}.Debug|Any CPU.ActiveCfg = Debug|Any CPU
		{3C82C5AE-064E-48B6-A213-46643F92F99E}.Debug|Any CPU.Build.0 = Debug|Any CPU
		{3C82C5AE-064E-48B6-A213-46643F92F99E}.Release|Any CPU.ActiveCfg = Release|Any CPU
		{3C82C5AE-064E-48B6-A213-46643F92F99E}.Release|Any CPU.Build.0 = Release|Any CPU
	EndGlobalSection
	GlobalSection(SolutionProperties) = preSolution
		HideSolutionNode = FALSE
	EndGlobalSection
	GlobalSection(ExtensibilityGlobals) = postSolution
		SolutionGuid = {5B6300D3-CFBE-4B44-B492-72740E2EA4B6}
	EndGlobalSection
EndGlobal
